
Microsoft Visual Studio Solution File, Format Version 12.00
# Visual Studio 2017
Project("{FAE04EC0-301F-11D3-BF4B-00C04F79EFBC}") = "FYPGame", "FYPGame.csproj", "{394A7855-94C9-7285-5479-522566CC41A0}"
EndProject
Project("{FAE04EC0-301F-11D3-BF4B-00C04F79EFBC}") = "FYPGame.Editor", "FYPGame.Editor.csproj", "{56BE76CD-E316-84D8-4BDB-9EA8B8C9E03E}"
EndProject
Global
	GlobalSection(SolutionConfigurationPlatforms) = preSolution
		Debug|Any CPU = Debug|Any CPU
		Release|Any CPU = Release|Any CPU
	EndGlobalSection
	GlobalSection(ProjectConfigurationPlatforms) = postSolution
		{394A7855-94C9-7285-5479-522566CC41A0}.Debug|Any CPU.ActiveCfg = Debug|Any CPU
		{394A7855-94C9-7285-5479-522566CC41A0}.Debug|Any CPU.Build.0 = Debug|Any CPU
		{394A7855-94C9-7285-5479-522566CC41A0}.Release|Any CPU.ActiveCfg = Release|Any CPU
		{394A7855-94C9-7285-5479-522566CC41A0}.Release|Any CPU.Build.0 = Release|Any CPU
		{56BE76CD-E316-84D8-4BDB-9EA8B8C9E03E}.Debug|Any CPU.ActiveCfg = Debug|Any CPU
		{56BE76CD-E316-84D8-4BDB-9EA8B8C9E03E}.Debug|Any CPU.Build.0 = Debug|Any CPU
		{56BE76CD-E316-84D8-4BDB-9EA8B8C9E03E}.Release|Any CPU.ActiveCfg = Release|Any CPU
		{56BE76CD-E316-84D8-4BDB-9EA8B8C9E03E}.Release|Any CPU.Build.0 = Release|Any CPU
	EndGlobalSection
	GlobalSection(SolutionProperties) = preSolution
		HideSolutionNode = FALSE
	EndGlobalSection
EndGlobal
